{
    "compile": {
        "com.netflix.nebula:gradle-scm-plugin": {
            "locked": "2.2.0",
            "requested": "2.2.+"
        },
        "org.ajoberstar:grgit": {
            "locked": "2.3.0",
            "requested": "2.+"
        }
    },
    "compileClasspath": {
        "com.netflix.nebula:gradle-scm-plugin": {
            "locked": "2.2.0",
            "requested": "2.2.+"
        },
        "org.ajoberstar:grgit": {
            "locked": "2.3.0",
            "requested": "2.+"
        }
    },
    "default": {
        "com.netflix.nebula:gradle-scm-plugin": {
            "locked": "2.2.0",
            "requested": "2.2.+"
        },
        "org.ajoberstar:grgit": {
            "locked": "2.3.0",
            "requested": "2.+"
        }
    },
    "integTestCompile": {
        "com.netflix.nebula:gradle-scm-plugin": {
            "locked": "2.2.0",
            "requested": "2.2.+"
        },
        "com.netflix.nebula:nebula-test": {
            "locked": "6.7.1",
            "requested": "6.+"
        },
        "org.ajoberstar:grgit": {
            "locked": "2.3.0",
            "requested": "2.+"
        }
    },
    "integTestCompileClasspath": {
        "com.netflix.nebula:gradle-scm-plugin": {
            "locked": "2.2.0",
            "requested": "2.2.+"
        },
        "com.netflix.nebula:nebula-test": {
            "locked": "6.7.1",
            "requested": "6.+"
        },
        "org.ajoberstar:grgit": {
            "locked": "2.3.0",
            "requested": "2.+"
        }
    },
    "integTestRuntime": {
        "com.netflix.nebula:gradle-scm-plugin": {
            "locked": "2.2.0",
            "requested": "2.2.+"
        },
        "com.netflix.nebula:nebula-test": {
            "locked": "6.7.1",
            "requested": "6.+"
        },
        "org.ajoberstar:grgit": {
            "locked": "2.3.0",
            "requested": "2.+"
        }
    },
    "integTestRuntimeClasspath": {
        "com.netflix.nebula:gradle-scm-plugin": {
            "locked": "2.2.0",
            "requested": "2.2.+"
        },
        "com.netflix.nebula:nebula-test": {
            "locked": "6.7.1",
            "requested": "6.+"
        },
        "org.ajoberstar:grgit": {
            "locked": "2.3.0",
            "requested": "2.+"
        }
    },
    "jacocoAgent": {
        "org.jacoco:org.jacoco.agent": {
            "locked": "0.8.1"
        }
    },
    "jacocoAnt": {
        "org.jacoco:org.jacoco.ant": {
            "locked": "0.8.1"
        }
    },
    "runtime": {
        "com.netflix.nebula:gradle-scm-plugin": {
            "locked": "2.2.0",
            "requested": "2.2.+"
        },
        "org.ajoberstar:grgit": {
            "locked": "2.3.0",
            "requested": "2.+"
        }
    },
    "runtimeClasspath": {
        "com.netflix.nebula:gradle-scm-plugin": {
            "locked": "2.2.0",
            "requested": "2.2.+"
        },
        "org.ajoberstar:grgit": {
            "locked": "2.3.0",
            "requested": "2.+"
        }
    },
    "testCompile": {
        "com.netflix.nebula:gradle-scm-plugin": {
            "locked": "2.2.0",
            "requested": "2.2.+"
        },
        "com.netflix.nebula:nebula-test": {
            "locked": "6.7.1",
            "requested": "6.+"
        },
        "org.ajoberstar:grgit": {
            "locked": "2.3.0",
            "requested": "2.+"
        }
    },
    "testCompileClasspath": {
        "com.netflix.nebula:gradle-scm-plugin": {
            "locked": "2.2.0",
            "requested": "2.2.+"
        },
        "com.netflix.nebula:nebula-test": {
            "locked": "6.7.1",
            "requested": "6.+"
        },
        "org.ajoberstar:grgit": {
            "locked": "2.3.0",
            "requested": "2.+"
        }
    },
    "testRuntime": {
        "com.netflix.nebula:gradle-scm-plugin": {
            "locked": "2.2.0",
            "requested": "2.2.+"
        },
        "com.netflix.nebula:nebula-test": {
            "locked": "6.7.1",
            "requested": "6.+"
        },
        "org.ajoberstar:grgit": {
            "locked": "2.3.0",
            "requested": "2.+"
        }
    },
    "testRuntimeClasspath": {
        "com.netflix.nebula:gradle-scm-plugin": {
            "locked": "2.2.0",
            "requested": "2.2.+"
        },
        "com.netflix.nebula:nebula-test": {
            "locked": "6.7.1",
            "requested": "6.+"
        },
        "org.ajoberstar:grgit": {
            "locked": "2.3.0",
            "requested": "2.+"
        }
    }
}