{
    "compile": {
        "com.netflix.nebula:gradle-scm-plugin": {
            "locked": "5.0.0",
            "requested": "latest.release"
        },
        "org.ajoberstar.grgit:grgit-core": {
            "locked": "3.0.0",
            "requested": "3.0.0"
        }
    },
    "compileClasspath": {
        "com.netflix.nebula:gradle-scm-plugin": {
            "locked": "5.0.0",
            "requested": "latest.release"
        },
        "org.ajoberstar.grgit:grgit-core": {
            "locked": "3.0.0",
            "requested": "3.0.0"
        }
    },
    "default": {
        "com.netflix.nebula:gradle-scm-plugin": {
            "locked": "5.0.0",
            "requested": "latest.release"
        },
        "org.ajoberstar.grgit:grgit-core": {
            "locked": "3.0.0",
            "requested": "3.0.0"
        }
    },
    "integTestCompile": {
        "com.netflix.nebula:gradle-scm-plugin": {
            "locked": "5.0.0",
            "requested": "latest.release"
        },
        "com.netflix.nebula:nebula-test": {
            "locked": "7.1.7",
            "requested": "latest.release"
        },
        "org.ajoberstar.grgit:grgit-core": {
            "locked": "3.0.0",
            "requested": "3.0.0"
        }
    },
    "integTestCompileClasspath": {
        "com.netflix.nebula:gradle-scm-plugin": {
            "locked": "5.0.0",
            "requested": "latest.release"
        },
        "com.netflix.nebula:nebula-test": {
            "locked": "7.1.7",
            "requested": "latest.release"
        },
        "org.ajoberstar.grgit:grgit-core": {
            "locked": "3.0.0",
            "requested": "3.0.0"
        }
    },
    "integTestRuntime": {
        "com.netflix.nebula:gradle-scm-plugin": {
            "locked": "5.0.0",
            "requested": "latest.release"
        },
        "com.netflix.nebula:nebula-test": {
            "locked": "7.1.7",
            "requested": "latest.release"
        },
        "org.ajoberstar.grgit:grgit-core": {
            "locked": "3.0.0",
            "requested": "3.0.0"
        }
    },
    "integTestRuntimeClasspath": {
        "com.netflix.nebula:gradle-scm-plugin": {
            "locked": "5.0.0",
            "requested": "latest.release"
        },
        "com.netflix.nebula:nebula-test": {
            "locked": "7.1.7",
            "requested": "latest.release"
        },
        "org.ajoberstar.grgit:grgit-core": {
            "locked": "3.0.0",
            "requested": "3.0.0"
        }
    },
    "jacocoAgent": {
        "org.jacoco:org.jacoco.agent": {
            "locked": "0.8.2"
        }
    },
    "jacocoAnt": {
        "org.jacoco:org.jacoco.ant": {
            "locked": "0.8.2"
        }
    },
    "runtime": {
        "com.netflix.nebula:gradle-scm-plugin": {
            "locked": "5.0.0",
            "requested": "latest.release"
        },
        "org.ajoberstar.grgit:grgit-core": {
            "locked": "3.0.0",
            "requested": "3.0.0"
        }
    },
    "runtimeClasspath": {
        "com.netflix.nebula:gradle-scm-plugin": {
            "locked": "5.0.0",
            "requested": "latest.release"
        },
        "org.ajoberstar.grgit:grgit-core": {
            "locked": "3.0.0",
            "requested": "3.0.0"
        }
    },
    "testCompile": {
        "com.netflix.nebula:gradle-scm-plugin": {
            "locked": "5.0.0",
            "requested": "latest.release"
        },
        "com.netflix.nebula:nebula-test": {
            "locked": "7.1.7",
            "requested": "latest.release"
        },
        "org.ajoberstar.grgit:grgit-core": {
            "locked": "3.0.0",
            "requested": "3.0.0"
        }
    },
    "testCompileClasspath": {
        "com.netflix.nebula:gradle-scm-plugin": {
            "locked": "5.0.0",
            "requested": "latest.release"
        },
        "com.netflix.nebula:nebula-test": {
            "locked": "7.1.7",
            "requested": "latest.release"
        },
        "org.ajoberstar.grgit:grgit-core": {
            "locked": "3.0.0",
            "requested": "3.0.0"
        }
    },
    "testRuntime": {
        "com.netflix.nebula:gradle-scm-plugin": {
            "locked": "5.0.0",
            "requested": "latest.release"
        },
        "com.netflix.nebula:nebula-test": {
            "locked": "7.1.7",
            "requested": "latest.release"
        },
        "org.ajoberstar.grgit:grgit-core": {
            "locked": "3.0.0",
            "requested": "3.0.0"
        }
    },
    "testRuntimeClasspath": {
        "com.netflix.nebula:gradle-scm-plugin": {
            "locked": "5.0.0",
            "requested": "latest.release"
        },
        "com.netflix.nebula:nebula-test": {
            "locked": "7.1.7",
            "requested": "latest.release"
        },
        "org.ajoberstar.grgit:grgit-core": {
            "locked": "3.0.0",
            "requested": "3.0.0"
        }
    }
}